
Microsoft Visual Studio Solution File, Format Version 12.00
# Visual Studio Version 16
VisualStudioVersion = 16.0.30320.27
MinimumVisualStudioVersion = 10.0.40219.1
Project("{FAE04EC0-301F-11D3-BF4B-00C04F79EFBC}") = "Exercises cp4", "Exercises cp4\Exercises cp4.csproj", "{22084CE8-F9F0-44E2-8A2D-5F2F09DABE02}"
EndProject
Global
	GlobalSection(SolutionConfigurationPlatforms) = preSolution
		Debug|Any CPU = Debug|Any CPU
		Release|Any CPU = Release|Any CPU
	EndGlobalSection
	GlobalSection(ProjectConfigurationPlatforms) = postSolution
		{22084CE8-F9F0-44E2-8A2D-5F2F09DABE02}.Debug|Any CPU.ActiveCfg = Debug|Any CPU
		{22084CE8-F9F0-44E2-8A2D-5F2F09DABE02}.Debug|Any CPU.Build.0 = Debug|Any CPU
		{22084CE8-F9F0-44E2-8A2D-5F2F09DABE02}.Release|Any CPU.ActiveCfg = Release|Any CPU
		{22084CE8-F9F0-44E2-8A2D-5F2F09DABE02}.Release|Any CPU.Build.0 = Release|Any CPU
	EndGlobalSection
	GlobalSection(SolutionProperties) = preSolution
		HideSolutionNode = FALSE
	EndGlobalSection
	GlobalSection(ExtensibilityGlobals) = postSolution
		SolutionGuid = {036A9882-6604-4FC6-AF3A-9CFCB55A1C99}
	EndGlobalSection
EndGlobal
